# This file is automatically @generated by Poetry 2.1.1 and should not be changed by hand.

[[package]]
name = "click"
version = "8.1.8"
description = "Composable command line interface toolkit"
optional = false
python-versions = ">=3.7"
groups = ["main"]
files = [
    {file = "click-8.1.8-py3-none-any.whl", hash = "sha256:63c132bbbed01578a06712a2d1f497bb62d9c1c0d329b7903a866228027263b2"},
    {file = "click-8.1.8.tar.gz", hash = "sha256:ed53c9d8990d83c2a27deae68e4ee337473f6330c040a31d4225c9574d16096a"},
]

[package.dependencies]
colorama = {version = "*", markers = "platform_system == \"Windows\""}

[[package]]
name = "colorama"
version = "0.4.6"
description = "Cross-platform colored terminal text."
optional = false
python-versions = "!=3.0.*,!=3.1.*,!=3.2.*,!=3.3.*,!=3.4.*,!=3.5.*,!=3.6.*,>=2.7"
groups = ["main"]
markers = "platform_system == \"Windows\""
files = [
    {file = "colorama-0.4.6-py2.py3-none-any.whl", hash = "sha256:4f1d9991f5acc0ca119f9d443620b77f9d6b33703e51011c16baf57afb285fc6"},
    {file = "colorama-0.4.6.tar.gz", hash = "sha256:08695f5cb7ed6e0531a20572697297273c47b8cae5a63ffc6d6ed5c201be6e44"},
]

[[package]]
name = "shell"
version = "1.0.1"
description = "A better way to run shell commands in Python."
optional = false
python-versions = "*"
groups = ["dev"]
files = [
    {file = "shell-1.0.1-py2.py3-none-any.whl", hash = "sha256:64e3347d1dd2c8f3c3f3df5e6ebe9084d768ae20985aef6793854b9f47d4045a"},
    {file = "shell-1.0.1.tar.gz", hash = "sha256:6fbaa88f85de228ddecef33cb1e9037f4959f6f76942b01769e4139a038f6513"},
]

[metadata]
lock-version = "2.1"
python-versions = ">=3.12"
content-hash = "cd99f9157f4fc1c6b08a4f7551e1983c8f4725ec365651dd7285473e9a886c4f"
